{
  "name": "code-editor",
  "lockfileVersion": 2,
  "requires": true,
  "packages": {
    "": {
      "dependencies": {
        "cat-editor": "^0.0.2"
      }
    },
    "node_modules/cat-editor": {
      "version": "0.0.2",
      "resolved": "https://registry.npmjs.org/cat-editor/-/cat-editor-0.0.2.tgz",
      "integrity": "sha512-FAkyFbWBkpuhibr3pqjGoi73sudxcXlmRYyCFWe5Avd+A4fgCjBot+4mDCVFLapXTLsam57ePF78kW3KC6plzQ=="
    }
  },
  "dependencies": {
    "cat-editor": {
      "version": "0.0.2",
      "resolved": "https://registry.npmjs.org/cat-editor/-/cat-editor-0.0.2.tgz",
      "integrity": "sha512-FAkyFbWBkpuhibr3pqjGoi73sudxcXlmRYyCFWe5Avd+A4fgCjBot+4mDCVFLapXTLsam57ePF78kW3KC6plzQ=="
    }
  }
}
